
Microsoft Visual Studio Solution File, Format Version 12.00
# Visual Studio Version 16
VisualStudioVersion = 16.0.810.19
MinimumVisualStudioVersion = 10.0.40219.1
Project("{FAE04EC0-301F-11D3-BF4B-00C04F79EFBC}") = "task10", "task10.csproj", "{F34D90E1-6ED8-44F7-BD55-F32B663AD679}"
EndProject
Global
	GlobalSection(SolutionConfigurationPlatforms) = preSolution
		Debug|Any CPU = Debug|Any CPU
		Release|Any CPU = Release|Any CPU
	EndGlobalSection
	GlobalSection(ProjectConfigurationPlatforms) = postSolution
		{F34D90E1-6ED8-44F7-BD55-F32B663AD679}.Debug|Any CPU.ActiveCfg = Debug|Any CPU
		{F34D90E1-6ED8-44F7-BD55-F32B663AD679}.Debug|Any CPU.Build.0 = Debug|Any CPU
		{F34D90E1-6ED8-44F7-BD55-F32B663AD679}.Release|Any CPU.ActiveCfg = Release|Any CPU
		{F34D90E1-6ED8-44F7-BD55-F32B663AD679}.Release|Any CPU.Build.0 = Release|Any CPU
	EndGlobalSection
	GlobalSection(SolutionProperties) = preSolution
		HideSolutionNode = FALSE
	EndGlobalSection
	GlobalSection(ExtensibilityGlobals) = postSolution
		SolutionGuid = {2A7965FC-9E7B-44E9-83AE-E5972423B427}
	EndGlobalSection
EndGlobal
