
Microsoft Visual Studio Solution File, Format Version 12.00
# Visual Studio Version 16
VisualStudioVersion = 16.0.810.19
MinimumVisualStudioVersion = 10.0.40219.1
Project("{FAE04EC0-301F-11D3-BF4B-00C04F79EFBC}") = "task777", "task777.csproj", "{095EBCE4-74B4-4F29-8DEE-D6CC698A0999}"
EndProject
Global
	GlobalSection(SolutionConfigurationPlatforms) = preSolution
		Debug|Any CPU = Debug|Any CPU
		Release|Any CPU = Release|Any CPU
	EndGlobalSection
	GlobalSection(ProjectConfigurationPlatforms) = postSolution
		{095EBCE4-74B4-4F29-8DEE-D6CC698A0999}.Debug|Any CPU.ActiveCfg = Debug|Any CPU
		{095EBCE4-74B4-4F29-8DEE-D6CC698A0999}.Debug|Any CPU.Build.0 = Debug|Any CPU
		{095EBCE4-74B4-4F29-8DEE-D6CC698A0999}.Release|Any CPU.ActiveCfg = Release|Any CPU
		{095EBCE4-74B4-4F29-8DEE-D6CC698A0999}.Release|Any CPU.Build.0 = Release|Any CPU
	EndGlobalSection
	GlobalSection(SolutionProperties) = preSolution
		HideSolutionNode = FALSE
	EndGlobalSection
	GlobalSection(ExtensibilityGlobals) = postSolution
		SolutionGuid = {87C20292-E235-450A-980E-30399903C2DF}
	EndGlobalSection
EndGlobal
